# THIS IS AN AUTOGENERATED FILE. DO NOT EDIT THIS FILE DIRECTLY.
# yarn lockfile v1


"@heroicons/react@^2.0.17":
  version "2.0.17"
  resolved "https://registry.yarnpkg.com/@heroicons/react/-/react-2.0.17.tgz#42a8086bc434ceefc03592f20c4e81b11e915cf8"
  integrity sha512-90GMZktkA53YbNzHp6asVEDevUQCMtxWH+2UK2S8OpnLEu7qckTJPhNxNQG52xIR1WFTwFqtH6bt7a60ZNcLLA==
